
Microsoft Visual Studio Solution File, Format Version 12.00
# Visual Studio Version 17
VisualStudioVersion = 17.3.32929.385
MinimumVisualStudioVersion = 10.0.40219.1
Project("{FAE04EC0-301F-11D3-BF4B-00C04F79EFBC}") = "StringInterpolation", "StringInterpolation\StringInterpolation.csproj", "{68240A15-4A62-40C4-8334-DE64976204E8}"
EndProject
Global
	GlobalSection(SolutionConfigurationPlatforms) = preSolution
		Debug|Any CPU = Debug|Any CPU
		Release|Any CPU = Release|Any CPU
	EndGlobalSection
	GlobalSection(ProjectConfigurationPlatforms) = postSolution
		{68240A15-4A62-40C4-8334-DE64976204E8}.Debug|Any CPU.ActiveCfg = Debug|Any CPU
		{68240A15-4A62-40C4-8334-DE64976204E8}.Debug|Any CPU.Build.0 = Debug|Any CPU
		{68240A15-4A62-40C4-8334-DE64976204E8}.Release|Any CPU.ActiveCfg = Release|Any CPU
		{68240A15-4A62-40C4-8334-DE64976204E8}.Release|Any CPU.Build.0 = Release|Any CPU
	EndGlobalSection
	GlobalSection(SolutionProperties) = preSolution
		HideSolutionNode = FALSE
	EndGlobalSection
	GlobalSection(ExtensibilityGlobals) = postSolution
		SolutionGuid = {38660B15-E780-4C54-84DF-110EC12C3898}
	EndGlobalSection
EndGlobal
